
Microsoft Visual Studio Solution File, Format Version 12.00
# Visual Studio Version 16
VisualStudioVersion = 16.0.30503.244
MinimumVisualStudioVersion = 10.0.40219.1
Project("{FAE04EC0-301F-11D3-BF4B-00C04F79EFBC}") = "GeoCalc", "GeoCalc\GeoCalc.csproj", "{6FC6A389-0228-4D80-A9E5-427A97F399C8}"
EndProject
Project("{FAE04EC0-301F-11D3-BF4B-00C04F79EFBC}") = "GeoCalc.UnitTests", "GeoCalc.UnitTests\GeoCalc.UnitTests.csproj", "{CDE4BBB3-97BB-4BEB-9D77-5F6F0B5CB32E}"
EndProject
Global
	GlobalSection(SolutionConfigurationPlatforms) = preSolution
		Debug|Any CPU = Debug|Any CPU
		Release|Any CPU = Release|Any CPU
	EndGlobalSection
	GlobalSection(ProjectConfigurationPlatforms) = postSolution
		{6FC6A389-0228-4D80-A9E5-427A97F399C8}.Debug|Any CPU.ActiveCfg = Debug|Any CPU
		{6FC6A389-0228-4D80-A9E5-427A97F399C8}.Debug|Any CPU.Build.0 = Debug|Any CPU
		{6FC6A389-0228-4D80-A9E5-427A97F399C8}.Release|Any CPU.ActiveCfg = Release|Any CPU
		{6FC6A389-0228-4D80-A9E5-427A97F399C8}.Release|Any CPU.Build.0 = Release|Any CPU
		{CDE4BBB3-97BB-4BEB-9D77-5F6F0B5CB32E}.Debug|Any CPU.ActiveCfg = Debug|Any CPU
		{CDE4BBB3-97BB-4BEB-9D77-5F6F0B5CB32E}.Debug|Any CPU.Build.0 = Debug|Any CPU
		{CDE4BBB3-97BB-4BEB-9D77-5F6F0B5CB32E}.Release|Any CPU.ActiveCfg = Release|Any CPU
		{CDE4BBB3-97BB-4BEB-9D77-5F6F0B5CB32E}.Release|Any CPU.Build.0 = Release|Any CPU
	EndGlobalSection
	GlobalSection(SolutionProperties) = preSolution
		HideSolutionNode = FALSE
	EndGlobalSection
	GlobalSection(ExtensibilityGlobals) = postSolution
		SolutionGuid = {CC5F034D-802F-44D2-AAD9-315006E4A5AB}
	EndGlobalSection
EndGlobal
